
Microsoft Visual Studio Solution File, Format Version 12.00
# Visual Studio Version 16
VisualStudioVersion = 16.0.30406.217
MinimumVisualStudioVersion = 10.0.40219.1
Project("{FAE04EC0-301F-11D3-BF4B-00C04F79EFBC}") = "Outloko", "Outloko\Outloko.csproj", "{0A4E9697-C14A-4C68-ACAE-5EBB29BB592F}"
EndProject
Project("{2150E333-8FDC-42A3-9474-1A3956D46DE8}") = "Modules", "Modules", "{BFE702AD-7006-473C-A4C7-08A2FB196D2C}"
EndProject
Project("{FAE04EC0-301F-11D3-BF4B-00C04F79EFBC}") = "Outloko.Modules.Mail", "Modules\Outloko.Modules.Mail\Outloko.Modules.Mail.csproj", "{5D5551BB-34CD-402B-B232-C4C25E870448}"
EndProject
Project("{FAE04EC0-301F-11D3-BF4B-00C04F79EFBC}") = "Outloko.Modules.Contacts", "Modules\Outloko.Modules.Contacts\Outloko.Modules.Contacts.csproj", "{0869E456-5BBF-4444-B737-5A50A3CA7BFF}"
EndProject
Project("{FAE04EC0-301F-11D3-BF4B-00C04F79EFBC}") = "Outloko.Modules.Calendar", "Modules\Outloko.Modules.Calendar\Outloko.Modules.Calendar.csproj", "{4DFBAD92-C341-4200-ABFC-3260F44B96EC}"
EndProject
Project("{FAE04EC0-301F-11D3-BF4B-00C04F79EFBC}") = "Outloko.Core", "Outloko.Core\Outloko.Core.csproj", "{F4F722A0-6951-4DB0-9EBD-CF5B681DD944}"
EndProject
Project("{9A19103F-16F7-4668-BE54-9A1E7A4F7556}") = "Outloko.Business", "Outloko.Business\Outloko.Business.csproj", "{1DEBD579-4864-48C7-9B5B-BD2868DCE8DB}"
EndProject
Project("{FAE04EC0-301F-11D3-BF4B-00C04F79EFBC}") = "Outloko.Services", "Outloko.Services\Outloko.Services.csproj", "{6330CB8D-40B7-4FF7-9834-A5B96E4545A3}"
EndProject
Project("{FAE04EC0-301F-11D3-BF4B-00C04F79EFBC}") = "Outloko.Services.Interfaces", "Outloko.Services.Interfaces\Outloko.Services.Interfaces.csproj", "{B0C40EB3-92CF-4F45-B60D-EE88BA591950}"
EndProject
Global
	GlobalSection(SolutionConfigurationPlatforms) = preSolution
		Debug|Any CPU = Debug|Any CPU
		Release|Any CPU = Release|Any CPU
	EndGlobalSection
	GlobalSection(ProjectConfigurationPlatforms) = postSolution
		{0A4E9697-C14A-4C68-ACAE-5EBB29BB592F}.Debug|Any CPU.ActiveCfg = Debug|Any CPU
		{0A4E9697-C14A-4C68-ACAE-5EBB29BB592F}.Debug|Any CPU.Build.0 = Debug|Any CPU
		{0A4E9697-C14A-4C68-ACAE-5EBB29BB592F}.Release|Any CPU.ActiveCfg = Release|Any CPU
		{0A4E9697-C14A-4C68-ACAE-5EBB29BB592F}.Release|Any CPU.Build.0 = Release|Any CPU
		{5D5551BB-34CD-402B-B232-C4C25E870448}.Debug|Any CPU.ActiveCfg = Debug|Any CPU
		{5D5551BB-34CD-402B-B232-C4C25E870448}.Debug|Any CPU.Build.0 = Debug|Any CPU
		{5D5551BB-34CD-402B-B232-C4C25E870448}.Release|Any CPU.ActiveCfg = Release|Any CPU
		{5D5551BB-34CD-402B-B232-C4C25E870448}.Release|Any CPU.Build.0 = Release|Any CPU
		{0869E456-5BBF-4444-B737-5A50A3CA7BFF}.Debug|Any CPU.ActiveCfg = Debug|Any CPU
		{0869E456-5BBF-4444-B737-5A50A3CA7BFF}.Debug|Any CPU.Build.0 = Debug|Any CPU
		{0869E456-5BBF-4444-B737-5A50A3CA7BFF}.Release|Any CPU.ActiveCfg = Release|Any CPU
		{0869E456-5BBF-4444-B737-5A50A3CA7BFF}.Release|Any CPU.Build.0 = Release|Any CPU
		{4DFBAD92-C341-4200-ABFC-3260F44B96EC}.Debug|Any CPU.ActiveCfg = Debug|Any CPU
		{4DFBAD92-C341-4200-ABFC-3260F44B96EC}.Debug|Any CPU.Build.0 = Debug|Any CPU
		{4DFBAD92-C341-4200-ABFC-3260F44B96EC}.Release|Any CPU.ActiveCfg = Release|Any CPU
		{4DFBAD92-C341-4200-ABFC-3260F44B96EC}.Release|Any CPU.Build.0 = Release|Any CPU
		{F4F722A0-6951-4DB0-9EBD-CF5B681DD944}.Debug|Any CPU.ActiveCfg = Debug|Any CPU
		{F4F722A0-6951-4DB0-9EBD-CF5B681DD944}.Debug|Any CPU.Build.0 = Debug|Any CPU
		{F4F722A0-6951-4DB0-9EBD-CF5B681DD944}.Release|Any CPU.ActiveCfg = Release|Any CPU
		{F4F722A0-6951-4DB0-9EBD-CF5B681DD944}.Release|Any CPU.Build.0 = Release|Any CPU
		{1DEBD579-4864-48C7-9B5B-BD2868DCE8DB}.Debug|Any CPU.ActiveCfg = Debug|Any CPU
		{1DEBD579-4864-48C7-9B5B-BD2868DCE8DB}.Debug|Any CPU.Build.0 = Debug|Any CPU
		{1DEBD579-4864-48C7-9B5B-BD2868DCE8DB}.Release|Any CPU.ActiveCfg = Release|Any CPU
		{1DEBD579-4864-48C7-9B5B-BD2868DCE8DB}.Release|Any CPU.Build.0 = Release|Any CPU
		{6330CB8D-40B7-4FF7-9834-A5B96E4545A3}.Debug|Any CPU.ActiveCfg = Debug|Any CPU
		{6330CB8D-40B7-4FF7-9834-A5B96E4545A3}.Debug|Any CPU.Build.0 = Debug|Any CPU
		{6330CB8D-40B7-4FF7-9834-A5B96E4545A3}.Release|Any CPU.ActiveCfg = Release|Any CPU
		{6330CB8D-40B7-4FF7-9834-A5B96E4545A3}.Release|Any CPU.Build.0 = Release|Any CPU
		{B0C40EB3-92CF-4F45-B60D-EE88BA591950}.Debug|Any CPU.ActiveCfg = Debug|Any CPU
		{B0C40EB3-92CF-4F45-B60D-EE88BA591950}.Debug|Any CPU.Build.0 = Debug|Any CPU
		{B0C40EB3-92CF-4F45-B60D-EE88BA591950}.Release|Any CPU.ActiveCfg = Release|Any CPU
		{B0C40EB3-92CF-4F45-B60D-EE88BA591950}.Release|Any CPU.Build.0 = Release|Any CPU
	EndGlobalSection
	GlobalSection(SolutionProperties) = preSolution
		HideSolutionNode = FALSE
	EndGlobalSection
	GlobalSection(NestedProjects) = preSolution
		{5D5551BB-34CD-402B-B232-C4C25E870448} = {BFE702AD-7006-473C-A4C7-08A2FB196D2C}
		{0869E456-5BBF-4444-B737-5A50A3CA7BFF} = {BFE702AD-7006-473C-A4C7-08A2FB196D2C}
		{4DFBAD92-C341-4200-ABFC-3260F44B96EC} = {BFE702AD-7006-473C-A4C7-08A2FB196D2C}
	EndGlobalSection
	GlobalSection(ExtensibilityGlobals) = postSolution
		SolutionGuid = {C7E5E0A2-7A9E-4EA2-A8EE-E45F25F4A499}
	EndGlobalSection
EndGlobal
